
Microsoft Visual Studio Solution File, Format Version 12.00
# Visual Studio Version 16
VisualStudioVersion = 16.0.31829.152
MinimumVisualStudioVersion = 10.0.40219.1
Project("{FAE04EC0-301F-11D3-BF4B-00C04F79EFBC}") = "WpfApp1", "WpfApp1.csproj", "{91513C22-A477-4227-8888-1955D3AF4D59}"
EndProject
Global
	GlobalSection(SolutionConfigurationPlatforms) = preSolution
		Debug|Any CPU = Debug|Any CPU
		Release|Any CPU = Release|Any CPU
	EndGlobalSection
	GlobalSection(ProjectConfigurationPlatforms) = postSolution
		{91513C22-A477-4227-8888-1955D3AF4D59}.Debug|Any CPU.ActiveCfg = Debug|Any CPU
		{91513C22-A477-4227-8888-1955D3AF4D59}.Debug|Any CPU.Build.0 = Debug|Any CPU
		{91513C22-A477-4227-8888-1955D3AF4D59}.Release|Any CPU.ActiveCfg = Release|Any CPU
		{91513C22-A477-4227-8888-1955D3AF4D59}.Release|Any CPU.Build.0 = Release|Any CPU
	EndGlobalSection
	GlobalSection(SolutionProperties) = preSolution
		HideSolutionNode = FALSE
	EndGlobalSection
	GlobalSection(ExtensibilityGlobals) = postSolution
		SolutionGuid = {81B92DF3-00F9-4C2A-93AA-0E63459C6A5F}
	EndGlobalSection
EndGlobal
